
Microsoft Visual Studio Solution File, Format Version 12.00
# Visual Studio Version 17
VisualStudioVersion = 17.6.33815.320
MinimumVisualStudioVersion = 10.0.40219.1
Project("{FAE04EC0-301F-11D3-BF4B-00C04F79EFBC}") = "AspNetCoreWithAngularCleanArchitecture", "AspNetCoreWithAngularCleanArchitecture\AspNetCoreWithAngularCleanArchitecture.csproj", "{6292C29B-646F-44A9-8A0C-64439415065F}"
EndProject
Global
	GlobalSection(SolutionConfigurationPlatforms) = preSolution
		Debug|Any CPU = Debug|Any CPU
		Release|Any CPU = Release|Any CPU
	EndGlobalSection
	GlobalSection(ProjectConfigurationPlatforms) = postSolution
		{6292C29B-646F-44A9-8A0C-64439415065F}.Debug|Any CPU.ActiveCfg = Debug|Any CPU
		{6292C29B-646F-44A9-8A0C-64439415065F}.Debug|Any CPU.Build.0 = Debug|Any CPU
		{6292C29B-646F-44A9-8A0C-64439415065F}.Release|Any CPU.ActiveCfg = Release|Any CPU
		{6292C29B-646F-44A9-8A0C-64439415065F}.Release|Any CPU.Build.0 = Release|Any CPU
	EndGlobalSection
	GlobalSection(SolutionProperties) = preSolution
		HideSolutionNode = FALSE
	EndGlobalSection
	GlobalSection(ExtensibilityGlobals) = postSolution
		SolutionGuid = {2D058D70-BAC2-4D69-B760-3158978F66FB}
	EndGlobalSection
EndGlobal
